
Microsoft Visual Studio Solution File, Format Version 12.00
# Visual Studio Version 17
VisualStudioVersion = 17.11.35327.3
MinimumVisualStudioVersion = 10.0.40219.1
Project("{2150E333-8FDC-42A3-9474-1A3956D46DE8}") = "Solution Items", "Solution Items", "{A852B369-ADD7-4C68-9C5E-F9BA338533DD}"
	ProjectSection(SolutionItems) = preProject
		.env = .env
		Solution Items\API-Integration.md = Solution Items\API-Integration.md
		Build-DockerImage.ps1 = Build-DockerImage.ps1
		Solution Items\common commands.md = Solution Items\common commands.md
		Solution Items\docker-commands.md = Solution Items\docker-commands.md
		docker-compose.yml = docker-compose.yml
		Solution Items\LICENSE = Solution Items\LICENSE
		Solution Items\metadata analysis.md = Solution Items\metadata analysis.md
		Solution Items\README.md = Solution Items\README.md
		sonarqube-docker-compose.yml = sonarqube-docker-compose.yml
		Solution Items\sync inquiries.sql = Solution Items\sync inquiries.sql
		Solution Items\SyncContentLog.md = Solution Items\SyncContentLog.md
	EndProjectSection
EndProject
Project("{2150E333-8FDC-42A3-9474-1A3956D46DE8}") = "Shared", "Shared", "{840AF196-53A7-4429-B366-0623EED804DA}"
EndProject
Project("{2150E333-8FDC-42A3-9474-1A3956D46DE8}") = "Application", "Application", "{F91C18E6-DA39-48F1-B365-9C5C617BB4ED}"
EndProject
Project("{2150E333-8FDC-42A3-9474-1A3956D46DE8}") = "Services", "Services", "{B8055EBD-F44C-4BA1-BF75-07A7BA62AB52}"
EndProject
Project("{2150E333-8FDC-42A3-9474-1A3956D46DE8}") = "WinApp", "WinApp", "{24B44810-E1A1-4295-9116-BCD4626DB115}"
EndProject
Project("{FAE04EC0-301F-11D3-BF4B-00C04F79EFBC}") = "FlixHub.Shared", "Shared\FlixHub.Shared\FlixHub.Shared.csproj", "{0AC14587-71DD-CD23-F311-3C20B7E3F782}"
EndProject
Project("{FAE04EC0-301F-11D3-BF4B-00C04F79EFBC}") = "FlixHub.Notification", "Shared\FlixHub.Notification\FlixHub.Notification.csproj", "{12B41D68-C2F3-255D-F796-BCFCFA3A6DFE}"
EndProject
Project("{FAE04EC0-301F-11D3-BF4B-00C04F79EFBC}") = "FlixHub.Resources", "Shared\FlixHub.Resources\FlixHub.Resources.csproj", "{D17D04B7-A99D-3F09-4B69-2AEC7A8C014B}"
EndProject
Project("{FAE04EC0-301F-11D3-BF4B-00C04F79EFBC}") = "FlixHub.Caching", "Shared\FlixHub.Caching\FlixHub.Caching.csproj", "{AC1235DC-13A8-FA80-F64A-A5143379125C}"
EndProject
Project("{FAE04EC0-301F-11D3-BF4B-00C04F79EFBC}") = "FlixHub.Core", "Shared\FlixHub.Core\FlixHub.Core.csproj", "{B8E7E05F-1A59-13FF-0A13-6CF53EDCD343}"
EndProject
Project("{FAE04EC0-301F-11D3-BF4B-00C04F79EFBC}") = "FlixHub.Tools.Security.WinApp", "Application\WinApp\FlixHub.Tools.Security.WinApp\FlixHub.Tools.Security.WinApp.csproj", "{D92313EE-8481-E599-F156-281E7F0BB0FB}"
EndProject
Project("{FAE04EC0-301F-11D3-BF4B-00C04F79EFBC}") = "FlixHub.Api", "Application\Services\FlixHub.Api\FlixHub.Api.csproj", "{ED6844AE-D920-E1AE-90CF-C5A1650F4D29}"
EndProject
Project("{FAE04EC0-301F-11D3-BF4B-00C04F79EFBC}") = "FlixHub.Core.Api", "Application\Services\FlixHub.Core.Api\FlixHub.Core.Api.csproj", "{4446BD97-5C64-B876-AFF6-6E83C2F8E4D7}"
EndProject
Global
	GlobalSection(SolutionConfigurationPlatforms) = preSolution
		Debug|Any CPU = Debug|Any CPU
		Release|Any CPU = Release|Any CPU
	EndGlobalSection
	GlobalSection(ProjectConfigurationPlatforms) = postSolution
		{0AC14587-71DD-CD23-F311-3C20B7E3F782}.Debug|Any CPU.ActiveCfg = Debug|Any CPU
		{0AC14587-71DD-CD23-F311-3C20B7E3F782}.Debug|Any CPU.Build.0 = Debug|Any CPU
		{0AC14587-71DD-CD23-F311-3C20B7E3F782}.Release|Any CPU.ActiveCfg = Release|Any CPU
		{0AC14587-71DD-CD23-F311-3C20B7E3F782}.Release|Any CPU.Build.0 = Release|Any CPU
		{12B41D68-C2F3-255D-F796-BCFCFA3A6DFE}.Debug|Any CPU.ActiveCfg = Debug|Any CPU
		{12B41D68-C2F3-255D-F796-BCFCFA3A6DFE}.Debug|Any CPU.Build.0 = Debug|Any CPU
		{12B41D68-C2F3-255D-F796-BCFCFA3A6DFE}.Release|Any CPU.ActiveCfg = Release|Any CPU
		{12B41D68-C2F3-255D-F796-BCFCFA3A6DFE}.Release|Any CPU.Build.0 = Release|Any CPU
		{D17D04B7-A99D-3F09-4B69-2AEC7A8C014B}.Debug|Any CPU.ActiveCfg = Debug|Any CPU
		{D17D04B7-A99D-3F09-4B69-2AEC7A8C014B}.Debug|Any CPU.Build.0 = Debug|Any CPU
		{D17D04B7-A99D-3F09-4B69-2AEC7A8C014B}.Release|Any CPU.ActiveCfg = Release|Any CPU
		{D17D04B7-A99D-3F09-4B69-2AEC7A8C014B}.Release|Any CPU.Build.0 = Release|Any CPU
		{AC1235DC-13A8-FA80-F64A-A5143379125C}.Debug|Any CPU.ActiveCfg = Debug|Any CPU
		{AC1235DC-13A8-FA80-F64A-A5143379125C}.Debug|Any CPU.Build.0 = Debug|Any CPU
		{AC1235DC-13A8-FA80-F64A-A5143379125C}.Release|Any CPU.ActiveCfg = Release|Any CPU
		{AC1235DC-13A8-FA80-F64A-A5143379125C}.Release|Any CPU.Build.0 = Release|Any CPU
		{B8E7E05F-1A59-13FF-0A13-6CF53EDCD343}.Debug|Any CPU.ActiveCfg = Debug|Any CPU
		{B8E7E05F-1A59-13FF-0A13-6CF53EDCD343}.Debug|Any CPU.Build.0 = Debug|Any CPU
		{B8E7E05F-1A59-13FF-0A13-6CF53EDCD343}.Release|Any CPU.ActiveCfg = Release|Any CPU
		{B8E7E05F-1A59-13FF-0A13-6CF53EDCD343}.Release|Any CPU.Build.0 = Release|Any CPU
		{D92313EE-8481-E599-F156-281E7F0BB0FB}.Debug|Any CPU.ActiveCfg = Debug|Any CPU
		{D92313EE-8481-E599-F156-281E7F0BB0FB}.Debug|Any CPU.Build.0 = Debug|Any CPU
		{D92313EE-8481-E599-F156-281E7F0BB0FB}.Release|Any CPU.ActiveCfg = Release|Any CPU
		{D92313EE-8481-E599-F156-281E7F0BB0FB}.Release|Any CPU.Build.0 = Release|Any CPU
		{ED6844AE-D920-E1AE-90CF-C5A1650F4D29}.Debug|Any CPU.ActiveCfg = Debug|Any CPU
		{ED6844AE-D920-E1AE-90CF-C5A1650F4D29}.Debug|Any CPU.Build.0 = Debug|Any CPU
		{ED6844AE-D920-E1AE-90CF-C5A1650F4D29}.Release|Any CPU.ActiveCfg = Release|Any CPU
		{ED6844AE-D920-E1AE-90CF-C5A1650F4D29}.Release|Any CPU.Build.0 = Release|Any CPU
		{4446BD97-5C64-B876-AFF6-6E83C2F8E4D7}.Debug|Any CPU.ActiveCfg = Debug|Any CPU
		{4446BD97-5C64-B876-AFF6-6E83C2F8E4D7}.Debug|Any CPU.Build.0 = Debug|Any CPU
		{4446BD97-5C64-B876-AFF6-6E83C2F8E4D7}.Release|Any CPU.ActiveCfg = Release|Any CPU
		{4446BD97-5C64-B876-AFF6-6E83C2F8E4D7}.Release|Any CPU.Build.0 = Release|Any CPU
	EndGlobalSection
	GlobalSection(SolutionProperties) = preSolution
		HideSolutionNode = FALSE
	EndGlobalSection
	GlobalSection(NestedProjects) = preSolution
		{B8055EBD-F44C-4BA1-BF75-07A7BA62AB52} = {F91C18E6-DA39-48F1-B365-9C5C617BB4ED}
		{24B44810-E1A1-4295-9116-BCD4626DB115} = {F91C18E6-DA39-48F1-B365-9C5C617BB4ED}
		{0AC14587-71DD-CD23-F311-3C20B7E3F782} = {840AF196-53A7-4429-B366-0623EED804DA}
		{12B41D68-C2F3-255D-F796-BCFCFA3A6DFE} = {840AF196-53A7-4429-B366-0623EED804DA}
		{D17D04B7-A99D-3F09-4B69-2AEC7A8C014B} = {840AF196-53A7-4429-B366-0623EED804DA}
		{AC1235DC-13A8-FA80-F64A-A5143379125C} = {840AF196-53A7-4429-B366-0623EED804DA}
		{B8E7E05F-1A59-13FF-0A13-6CF53EDCD343} = {840AF196-53A7-4429-B366-0623EED804DA}
		{D92313EE-8481-E599-F156-281E7F0BB0FB} = {24B44810-E1A1-4295-9116-BCD4626DB115}
		{ED6844AE-D920-E1AE-90CF-C5A1650F4D29} = {B8055EBD-F44C-4BA1-BF75-07A7BA62AB52}
		{4446BD97-5C64-B876-AFF6-6E83C2F8E4D7} = {B8055EBD-F44C-4BA1-BF75-07A7BA62AB52}
	EndGlobalSection
	GlobalSection(ExtensibilityGlobals) = postSolution
		SolutionGuid = {8FF911D2-13DD-4F54-B882-12DC7F2D7C65}
	EndGlobalSection
EndGlobal
